
Microsoft Visual Studio Solution File, Format Version 12.00
# Visual Studio Version 17
VisualStudioVersion = 17.7.34009.444
MinimumVisualStudioVersion = 10.0.40219.1
Project("{FAE04EC0-301F-11D3-BF4B-00C04F79EFBC}") = "AufgabeFunktionen", "AufgabeFunktionen\AufgabeFunktionen.csproj", "{1D648BAE-EC4D-4494-8DFB-D3D5E6CDEAF2}"
EndProject
Global
	GlobalSection(SolutionConfigurationPlatforms) = preSolution
		Debug|Any CPU = Debug|Any CPU
		Release|Any CPU = Release|Any CPU
	EndGlobalSection
	GlobalSection(ProjectConfigurationPlatforms) = postSolution
		{1D648BAE-EC4D-4494-8DFB-D3D5E6CDEAF2}.Debug|Any CPU.ActiveCfg = Debug|Any CPU
		{1D648BAE-EC4D-4494-8DFB-D3D5E6CDEAF2}.Debug|Any CPU.Build.0 = Debug|Any CPU
		{1D648BAE-EC4D-4494-8DFB-D3D5E6CDEAF2}.Release|Any CPU.ActiveCfg = Release|Any CPU
		{1D648BAE-EC4D-4494-8DFB-D3D5E6CDEAF2}.Release|Any CPU.Build.0 = Release|Any CPU
	EndGlobalSection
	GlobalSection(SolutionProperties) = preSolution
		HideSolutionNode = FALSE
	EndGlobalSection
	GlobalSection(ExtensibilityGlobals) = postSolution
		SolutionGuid = {F05D9BC1-821D-4F34-A02D-21647718EBCC}
	EndGlobalSection
EndGlobal
